<?xml version="1.0" encoding="utf-8"?>
<Project ToolsVersion="4.0" xmlns="http://schemas.microsoft.com/developer/msbuild/2003">
  <ItemGroup>
    <Filter Include="platform">
      <UniqueIdentifier>{F1000001-2222-3333-4444-555555555555}</UniqueIdentifier>
    </Filter>
    <Filter Include="render">
      <UniqueIdentifier>{F1000002-2222-3333-4444-555555555555}</UniqueIdentifier>
    </Filter>
    <Filter Include="core">
      <UniqueIdentifier>{F1000003-2222-3333-4444-555555555555}</UniqueIdentifier>
    </Filter>
  </ItemGroup>
  <ItemGroup>
    <ClCompile Include="platform\Window.cpp">
      <Filter>platform</Filter>
    </ClCompile>
    <ClCompile Include="platform\Input.cpp">
      <Filter>platform</Filter>
    </ClCompile>
    <ClCompile Include="render\Device.cpp">
      <Filter>render</Filter>
    </ClCompile>
    <ClCompile Include="render\CommandQueue.cpp">
      <Filter>render</Filter>
    </ClCompile>
    <ClCompile Include="render\CommandList.cpp">
      <Filter>render</Filter>
    </ClCompile>
    <ClCompile Include="render\RtvDescriptorHeap.cpp">
      <Filter>render</Filter>
    </ClCompile>
    <ClCompile Include="render\SwapChain.cpp">
      <Filter>render</Filter>
    </ClCompile>
    <ClCompile Include="render\ShaderCompiler.cpp">
      <Filter>render</Filter>
    </ClCompile>
    <ClCompile Include="render\RootSignature.cpp">
      <Filter>render</Filter>
    </ClCompile>
    <ClCompile Include="render\PipelineState.cpp">
      <Filter>render</Filter>
    </ClCompile>
    <ClCompile Include="render\VertexBuffer.cpp">
      <Filter>render</Filter>
    </ClCompile>
    <ClCompile Include="render\IndexBuffer.cpp">
      <Filter>render</Filter>
    </ClCompile>
    <ClCompile Include="render\ConstantBuffer.cpp">
      <Filter>render</Filter>
    </ClCompile>
    <ClCompile Include="render\DepthStencilBuffer.cpp">
      <Filter>render</Filter>
    </ClCompile>
    <ClCompile Include="render\Camera.cpp">
      <Filter>render</Filter>
    </ClCompile>
    <ClCompile Include="render\FreeCamera.cpp">
      <Filter>render</Filter>
    </ClCompile>
    <ClCompile Include="render\Mesh.cpp">
      <Filter>render</Filter>
    </ClCompile>
    <ClCompile Include="render\ObjLoader.cpp">
      <Filter>render</Filter>
    </ClCompile>
    <ClCompile Include="core\HrCheck.cpp">
      <Filter>core</Filter>
    </ClCompile>
    <ClCompile Include="core\Logger.cpp">
      <Filter>core</Filter>
    </ClCompile>
  </ItemGroup>
  <ItemGroup>
    <ClInclude Include="platform\Window.h">
      <Filter>platform</Filter>
    </ClInclude>
    <ClInclude Include="platform\Input.h">
      <Filter>platform</Filter>
    </ClInclude>
    <ClInclude Include="render\Device.h">
      <Filter>render</Filter>
    </ClInclude>
    <ClInclude Include="render\CommandQueue.h">
      <Filter>render</Filter>
    </ClInclude>
    <ClInclude Include="render\CommandList.h">
      <Filter>render</Filter>
    </ClInclude>
    <ClInclude Include="render\RtvDescriptorHeap.h">
      <Filter>render</Filter>
    </ClInclude>
    <ClInclude Include="render\SwapChain.h">
      <Filter>render</Filter>
    </ClInclude>
    <ClInclude Include="render\ShaderCompiler.h">
      <Filter>render</Filter>
    </ClInclude>
    <ClInclude Include="render\RootSignature.h">
      <Filter>render</Filter>
    </ClInclude>
    <ClInclude Include="render\PipelineState.h">
      <Filter>render</Filter>
    </ClInclude>
    <ClInclude Include="render\VertexBuffer.h">
      <Filter>render</Filter>
    </ClInclude>
    <ClInclude Include="render\IndexBuffer.h">
      <Filter>render</Filter>
    </ClInclude>
    <ClInclude Include="render\ConstantBuffer.h">
      <Filter>render</Filter>
    </ClInclude>
    <ClInclude Include="render\DepthStencilBuffer.h">
      <Filter>render</Filter>
    </ClInclude>
    <ClInclude Include="render\Camera.h">
      <Filter>render</Filter>
    </ClInclude>
    <ClInclude Include="render\FreeCamera.h">
      <Filter>render</Filter>
    </ClInclude>
    <ClInclude Include="render\Mesh.h">
      <Filter>render</Filter>
    </ClInclude>
    <ClInclude Include="render\ObjLoader.h">
      <Filter>render</Filter>
    </ClInclude>
    <ClInclude Include="core\HrCheck.h">
      <Filter>core</Filter>
    </ClInclude>
    <ClInclude Include="core\Logger.h">
      <Filter>core</Filter>
    </ClInclude>
    <ClInclude Include="core\Types.h">
      <Filter>core</Filter>
    </ClInclude>
  </ItemGroup>
</Project>
